
Microsoft Visual Studio Solution File, Format Version 12.00
# Visual Studio Version 16
VisualStudioVersion = 16.0.31005.135
MinimumVisualStudioVersion = 15.0.26124.0
Project("{9A19103F-16F7-4668-BE54-9A1E7A4F7556}") = "iCollections", "iCollections\iCollections.csproj", "{B255BDEF-0141-4929-9B42-2DE3D7D67DED}"
EndProject
Project("{FAE04EC0-301F-11D3-BF4B-00C04F79EFBC}") = "iCollections.Tests", "iCollections.Tests\iCollections.Tests.csproj", "{CDEC44EB-6EA9-4504-8D5D-028634474E87}"
EndProject
Global
	GlobalSection(SolutionConfigurationPlatforms) = preSolution
		Debug|Any CPU = Debug|Any CPU
		Debug|x64 = Debug|x64
		Debug|x86 = Debug|x86
		Release|Any CPU = Release|Any CPU
		Release|x64 = Release|x64
		Release|x86 = Release|x86
	EndGlobalSection
	GlobalSection(ProjectConfigurationPlatforms) = postSolution
		{B255BDEF-0141-4929-9B42-2DE3D7D67DED}.Debug|Any CPU.ActiveCfg = Debug|Any CPU
		{B255BDEF-0141-4929-9B42-2DE3D7D67DED}.Debug|Any CPU.Build.0 = Debug|Any CPU
		{B255BDEF-0141-4929-9B42-2DE3D7D67DED}.Debug|x64.ActiveCfg = Debug|Any CPU
		{B255BDEF-0141-4929-9B42-2DE3D7D67DED}.Debug|x64.Build.0 = Debug|Any CPU
		{B255BDEF-0141-4929-9B42-2DE3D7D67DED}.Debug|x86.ActiveCfg = Debug|Any CPU
		{B255BDEF-0141-4929-9B42-2DE3D7D67DED}.Debug|x86.Build.0 = Debug|Any CPU
		{B255BDEF-0141-4929-9B42-2DE3D7D67DED}.Release|Any CPU.ActiveCfg = Release|Any CPU
		{B255BDEF-0141-4929-9B42-2DE3D7D67DED}.Release|Any CPU.Build.0 = Release|Any CPU
		{B255BDEF-0141-4929-9B42-2DE3D7D67DED}.Release|x64.ActiveCfg = Release|Any CPU
		{B255BDEF-0141-4929-9B42-2DE3D7D67DED}.Release|x64.Build.0 = Release|Any CPU
		{B255BDEF-0141-4929-9B42-2DE3D7D67DED}.Release|x86.ActiveCfg = Release|Any CPU
		{B255BDEF-0141-4929-9B42-2DE3D7D67DED}.Release|x86.Build.0 = Release|Any CPU
		{CDEC44EB-6EA9-4504-8D5D-028634474E87}.Debug|Any CPU.ActiveCfg = Debug|Any CPU
		{CDEC44EB-6EA9-4504-8D5D-028634474E87}.Debug|Any CPU.Build.0 = Debug|Any CPU
		{CDEC44EB-6EA9-4504-8D5D-028634474E87}.Debug|x64.ActiveCfg = Debug|Any CPU
		{CDEC44EB-6EA9-4504-8D5D-028634474E87}.Debug|x64.Build.0 = Debug|Any CPU
		{CDEC44EB-6EA9-4504-8D5D-028634474E87}.Debug|x86.ActiveCfg = Debug|Any CPU
		{CDEC44EB-6EA9-4504-8D5D-028634474E87}.Debug|x86.Build.0 = Debug|Any CPU
		{CDEC44EB-6EA9-4504-8D5D-028634474E87}.Release|Any CPU.ActiveCfg = Release|Any CPU
		{CDEC44EB-6EA9-4504-8D5D-028634474E87}.Release|Any CPU.Build.0 = Release|Any CPU
		{CDEC44EB-6EA9-4504-8D5D-028634474E87}.Release|x64.ActiveCfg = Release|Any CPU
		{CDEC44EB-6EA9-4504-8D5D-028634474E87}.Release|x64.Build.0 = Release|Any CPU
		{CDEC44EB-6EA9-4504-8D5D-028634474E87}.Release|x86.ActiveCfg = Release|Any CPU
		{CDEC44EB-6EA9-4504-8D5D-028634474E87}.Release|x86.Build.0 = Release|Any CPU
	EndGlobalSection
	GlobalSection(SolutionProperties) = preSolution
		HideSolutionNode = FALSE
	EndGlobalSection
	GlobalSection(ExtensibilityGlobals) = postSolution
		SolutionGuid = {4A1D3032-66C2-445C-BC3B-A47C3C3287BF}
	EndGlobalSection
EndGlobal
